dependencies:
- name: harbor
  repository: https://helm.goharbor.io
  version: 1.16.1
- name: kube-prometheus-stack
  repository: https://prometheus-community.github.io/helm-charts
  version: 79.12.0
- name: loki
  repository: https://grafana.github.io/helm-charts
  version: 6.0.0
- name: promtail
  repository: https://grafana.github.io/helm-charts
  version: 6.0.2
- name: trivy-operator
  repository: https://aquasecurity.github.io/helm-charts
  version: 0.32.1
- name: volcano
  repository: https://volcano-sh.github.io/helm-charts
  version: 1.14.1
digest: sha256:c775d4d679de20e7118410a8c47143a3b33ee3ad73a01a4127ea34694a7f80f6
generated: "2026-04-21T00:34:32.682439923+08:00"
