dependencies:
- name: harbor
  repository: https://helm.goharbor.io
  version: 1.16.1
- name: kube-prometheus-stack
  repository: https://prometheus-community.github.io/helm-charts
  version: 79.12.0
- name: loki
  repository: https://grafana.github.io/helm-charts
  version: 6.0.0
- name: alloy
  repository: https://grafana.github.io/helm-charts
  version: 1.7.0
- name: trivy-operator
  repository: https://aquasecurity.github.io/helm-charts
  version: 0.32.1
- name: volcano
  repository: https://volcano-sh.github.io/helm-charts
  version: 1.14.1
digest: sha256:e8e5158e6d1a14e7e1a90ef83cab2b6ced2e9628155680ff834d250bda095ff5
generated: "2026-04-22T09:07:36.202412642+08:00"
